
Microsoft Visual Studio Solution File, Format Version 12.00
# Visual Studio Version 17
VisualStudioVersion = 17.8.34330.188
MinimumVisualStudioVersion = 10.0.40219.1
Project("{FAE04EC0-301F-11D3-BF4B-00C04F79EFBC}") = "Pak Railway Reservation System", "Pak Railway Reservation System\Pak Railway Reservation System.csproj", "{C65132EF-0BD2-4B55-A932-881B93CDF43E}"
EndProject
Global
	GlobalSection(SolutionConfigurationPlatforms) = preSolution
		Debug|Any CPU = Debug|Any CPU
		Release|Any CPU = Release|Any CPU
	EndGlobalSection
	GlobalSection(ProjectConfigurationPlatforms) = postSolution
		{C65132EF-0BD2-4B55-A932-881B93CDF43E}.Debug|Any CPU.ActiveCfg = Debug|Any CPU
		{C65132EF-0BD2-4B55-A932-881B93CDF43E}.Debug|Any CPU.Build.0 = Debug|Any CPU
		{C65132EF-0BD2-4B55-A932-881B93CDF43E}.Release|Any CPU.ActiveCfg = Release|Any CPU
		{C65132EF-0BD2-4B55-A932-881B93CDF43E}.Release|Any CPU.Build.0 = Release|Any CPU
	EndGlobalSection
	GlobalSection(SolutionProperties) = preSolution
		HideSolutionNode = FALSE
	EndGlobalSection
	GlobalSection(ExtensibilityGlobals) = postSolution
		SolutionGuid = {BE7799C5-A375-4818-A236-F96788AB561B}
	EndGlobalSection
EndGlobal
